
Microsoft Visual Studio Solution File, Format Version 12.00
# Visual Studio Version 17
VisualStudioVersion = 17.4.33205.214
MinimumVisualStudioVersion = 10.0.40219.1
Project("{FAE04EC0-301F-11D3-BF4B-00C04F79EFBC}") = "ConsotoCrafts.Website", "ConsotoCrafts.Website\ConsotoCrafts.Website.csproj", "{AB507876-0689-449E-8717-A0A00F9F3A8D}"
EndProject
Global
	GlobalSection(SolutionConfigurationPlatforms) = preSolution
		Debug|Any CPU = Debug|Any CPU
		Release|Any CPU = Release|Any CPU
	EndGlobalSection
	GlobalSection(ProjectConfigurationPlatforms) = postSolution
		{AB507876-0689-449E-8717-A0A00F9F3A8D}.Debug|Any CPU.ActiveCfg = Debug|Any CPU
		{AB507876-0689-449E-8717-A0A00F9F3A8D}.Debug|Any CPU.Build.0 = Debug|Any CPU
		{AB507876-0689-449E-8717-A0A00F9F3A8D}.Release|Any CPU.ActiveCfg = Release|Any CPU
		{AB507876-0689-449E-8717-A0A00F9F3A8D}.Release|Any CPU.Build.0 = Release|Any CPU
	EndGlobalSection
	GlobalSection(SolutionProperties) = preSolution
		HideSolutionNode = FALSE
	EndGlobalSection
	GlobalSection(ExtensibilityGlobals) = postSolution
		SolutionGuid = {F29A7B46-9DC1-4039-B5FF-EFD2E6838E0C}
	EndGlobalSection
EndGlobal
